
Microsoft Visual Studio Solution File, Format Version 12.00
# Visual Studio 15
VisualStudioVersion = 15.0.27703.2042
MinimumVisualStudioVersion = 10.0.40219.1
Project("{FAE04EC0-301F-11D3-BF4B-00C04F79EFBC}") = "GoogleKeep", "GoogleKeep\GoogleKeep.csproj", "{D1AF43CE-B190-44E4-A947-22340B817D18}"
EndProject
Global
	GlobalSection(SolutionConfigurationPlatforms) = preSolution
		Debug|Any CPU = Debug|Any CPU
		Release|Any CPU = Release|Any CPU
	EndGlobalSection
	GlobalSection(ProjectConfigurationPlatforms) = postSolution
		{D1AF43CE-B190-44E4-A947-22340B817D18}.Debug|Any CPU.ActiveCfg = Debug|Any CPU
		{D1AF43CE-B190-44E4-A947-22340B817D18}.Debug|Any CPU.Build.0 = Debug|Any CPU
		{D1AF43CE-B190-44E4-A947-22340B817D18}.Release|Any CPU.ActiveCfg = Release|Any CPU
		{D1AF43CE-B190-44E4-A947-22340B817D18}.Release|Any CPU.Build.0 = Release|Any CPU
	EndGlobalSection
	GlobalSection(SolutionProperties) = preSolution
		HideSolutionNode = FALSE
	EndGlobalSection
	GlobalSection(ExtensibilityGlobals) = postSolution
		SolutionGuid = {5CF95415-A319-4EF6-B815-5EF11AE3618F}
	EndGlobalSection
EndGlobal
